
Microsoft Visual Studio Solution File, Format Version 12.00
# Visual Studio 15
VisualStudioVersion = 15.0.28307.539
MinimumVisualStudioVersion = 10.0.40219.1
Project("{FAE04EC0-301F-11D3-BF4B-00C04F79EFBC}") = "Assembly-CSharp", "Assembly-CSharp.csproj", "{3072427F-3A61-E3AC-52B1-31A8196DD8F4}"
EndProject
Project("{FAE04EC0-301F-11D3-BF4B-00C04F79EFBC}") = "Assembly-CSharp-Editor", "Assembly-CSharp-Editor.csproj", "{6BCA0C1D-BAA1-21EC-6E29-17BBF7D4A196}"
EndProject
Global
	GlobalSection(SolutionConfigurationPlatforms) = preSolution
		Debug|Any CPU = Debug|Any CPU
		Release|Any CPU = Release|Any CPU
	EndGlobalSection
	GlobalSection(ProjectConfigurationPlatforms) = postSolution
		{3072427F-3A61-E3AC-52B1-31A8196DD8F4}.Debug|Any CPU.ActiveCfg = Debug|Any CPU
		{3072427F-3A61-E3AC-52B1-31A8196DD8F4}.Debug|Any CPU.Build.0 = Debug|Any CPU
		{3072427F-3A61-E3AC-52B1-31A8196DD8F4}.Release|Any CPU.ActiveCfg = Release|Any CPU
		{3072427F-3A61-E3AC-52B1-31A8196DD8F4}.Release|Any CPU.Build.0 = Release|Any CPU
		{6BCA0C1D-BAA1-21EC-6E29-17BBF7D4A196}.Debug|Any CPU.ActiveCfg = Debug|Any CPU
		{6BCA0C1D-BAA1-21EC-6E29-17BBF7D4A196}.Debug|Any CPU.Build.0 = Debug|Any CPU
		{6BCA0C1D-BAA1-21EC-6E29-17BBF7D4A196}.Release|Any CPU.ActiveCfg = Release|Any CPU
		{6BCA0C1D-BAA1-21EC-6E29-17BBF7D4A196}.Release|Any CPU.Build.0 = Release|Any CPU
	EndGlobalSection
	GlobalSection(SolutionProperties) = preSolution
		HideSolutionNode = FALSE
	EndGlobalSection
	GlobalSection(ExtensibilityGlobals) = postSolution
		SolutionGuid = {4EA59ABA-8463-471F-9230-74ACD4C372ED}
	EndGlobalSection
EndGlobal
